lockfileVersion: '9.0'

settings:
  autoInstallPeers: true
  excludeLinksFromLockfile: false

importers:

  .:
    devDependencies:
      '@types/node':
        specifier: ^20.8.7
        version: 20.14.2
      tsx:
        specifier: ^4.7.0
        version: 4.15.1
      typescript:
        specifier: ^5.2.2
        version: 5.4.5

packages:

  '@esbuild/aix-ppc64@0.21.4':
    resolution: {integrity: sha512-Zrm+B33R4LWPLjDEVnEqt2+SLTATlru1q/xYKVn8oVTbiRBGmK2VIMoIYGJDGyftnGaC788IuzGFAlb7IQ0Y8A==}
    engines: {node: '>=12'}
    cpu: [ppc64]
    os: [aix]

  '@esbuild/android-arm64@0.21.4':
    resolution: {integrity: sha512-fYFnz+ObClJ3dNiITySBUx+oNalYUT18/AryMxfovLkYWbutXsct3Wz2ZWAcGGppp+RVVX5FiXeLYGi97umisA==}
    engines: {node: '>=12'}
    cpu: [arm64]
    os: [android]

  '@esbuild/android-arm@0.21.4':
    resolution: {integrity: sha512-E7H/yTd8kGQfY4z9t3nRPk/hrhaCajfA3YSQSBrst8B+3uTcgsi8N+ZWYCaeIDsiVs6m65JPCaQN/DxBRclF3A==}
    engines: {node: '>=12'}
    cpu: [arm]
    os: [android]

  '@esbuild/android-x64@0.21.4':
    resolution: {integrity: sha512-mDqmlge3hFbEPbCWxp4fM6hqq7aZfLEHZAKGP9viq9wMUBVQx202aDIfc3l+d2cKhUJM741VrCXEzRFhPDKH3Q==}
    engines: {node: '>=12'}
    cpu: [x64]
    os: [android]

  '@esbuild/darwin-arm64@0.21.4':
    resolution: {integrity: sha512-72eaIrDZDSiWqpmCzVaBD58c8ea8cw/U0fq/PPOTqE3c53D0xVMRt2ooIABZ6/wj99Y+h4ksT/+I+srCDLU9TA==}
    engines: {node: '>=12'}
    cpu: [arm64]
    os: [darwin]

  '@esbuild/darwin-x64@0.21.4':
    resolution: {integrity: sha512-uBsuwRMehGmw1JC7Vecu/upOjTsMhgahmDkWhGLWxIgUn2x/Y4tIwUZngsmVb6XyPSTXJYS4YiASKPcm9Zitag==}
    engines: {node: '>=12'}
    cpu: [x64]
    os: [darwin]

  '@esbuild/freebsd-arm64@0.21.4':
    resolution: {integrity: sha512-8JfuSC6YMSAEIZIWNL3GtdUT5NhUA/CMUCpZdDRolUXNAXEE/Vbpe6qlGLpfThtY5NwXq8Hi4nJy4YfPh+TwAg==}
    engines: {node: '>=12'}
    cpu: [arm64]
    os: [freebsd]

  '@esbuild/freebsd-x64@0.21.4':
    resolution: {integrity: sha512-8d9y9eQhxv4ef7JmXny7591P/PYsDFc4+STaxC1GBv0tMyCdyWfXu2jBuqRsyhY8uL2HU8uPyscgE2KxCY9imQ==}
    engines: {node: '>=12'}
    cpu: [x64]
    os: [freebsd]

  '@esbuild/linux-arm64@0.21.4':
    resolution: {integrity: sha512-/GLD2orjNU50v9PcxNpYZi+y8dJ7e7/LhQukN3S4jNDXCKkyyiyAz9zDw3siZ7Eh1tRcnCHAo/WcqKMzmi4eMQ==}
    engines: {node: '>=12'}
    cpu: [arm64]
    os: [linux]

  '@esbuild/linux-arm@0.21.4':
    resolution: {integrity: sha512-2rqFFefpYmpMs+FWjkzSgXg5vViocqpq5a1PSRgT0AvSgxoXmGF17qfGAzKedg6wAwyM7UltrKVo9kxaJLMF/g==}
    engines: {node: '>=12'}
    cpu: [arm]
    os: [linux]

  '@esbuild/linux-ia32@0.21.4':
    resolution: {integrity: sha512-pNftBl7m/tFG3t2m/tSjuYeWIffzwAZT9m08+9DPLizxVOsUl8DdFzn9HvJrTQwe3wvJnwTdl92AonY36w/25g==}
    engines: {node: '>=12'}
    cpu: [ia32]
    os: [linux]

  '@esbuild/linux-loong64@0.21.4':
    resolution: {integrity: sha512-cSD2gzCK5LuVX+hszzXQzlWya6c7hilO71L9h4KHwqI4qeqZ57bAtkgcC2YioXjsbfAv4lPn3qe3b00Zt+jIfQ==}
    engines: {node: '>=12'}
    cpu: [loong64]
    os: [linux]

  '@esbuild/linux-mips64el@0.21.4':
    resolution: {integrity: sha512-qtzAd3BJh7UdbiXCrg6npWLYU0YpufsV9XlufKhMhYMJGJCdfX/G6+PNd0+v877X1JG5VmjBLUiFB0o8EUSicA==}
    engines: {node: '>=12'}
    cpu: [mips64el]
    os: [linux]

  '@esbuild/linux-ppc64@0.21.4':
    resolution: {integrity: sha512-yB8AYzOTaL0D5+2a4xEy7OVvbcypvDR05MsB/VVPVA7nL4hc5w5Dyd/ddnayStDgJE59fAgNEOdLhBxjfx5+dg==}
    engines: {node: '>=12'}
    cpu: [ppc64]
    os: [linux]

  '@esbuild/linux-riscv64@0.21.4':
    resolution: {integrity: sha512-Y5AgOuVzPjQdgU59ramLoqSSiXddu7F3F+LI5hYy/d1UHN7K5oLzYBDZe23QmQJ9PIVUXwOdKJ/jZahPdxzm9w==}
    engines: {node: '>=12'}
    cpu: [riscv64]
    os: [linux]

  '@esbuild/linux-s390x@0.21.4':
    resolution: {integrity: sha512-Iqc/l/FFwtt8FoTK9riYv9zQNms7B8u+vAI/rxKuN10HgQIXaPzKZc479lZ0x6+vKVQbu55GdpYpeNWzjOhgbA==}
    engines: {node: '>=12'}
    cpu: [s390x]
    os: [linux]

  '@esbuild/linux-x64@0.21.4':
    resolution: {integrity: sha512-Td9jv782UMAFsuLZINfUpoF5mZIbAj+jv1YVtE58rFtfvoKRiKSkRGQfHTgKamLVT/fO7203bHa3wU122V/Bdg==}
    engines: {node: '>=12'}
    cpu: [x64]
    os: [linux]

  '@esbuild/netbsd-x64@0.21.4':
    resolution: {integrity: sha512-Awn38oSXxsPMQxaV0Ipb7W/gxZtk5Tx3+W+rAPdZkyEhQ6968r9NvtkjhnhbEgWXYbgV+JEONJ6PcdBS+nlcpA==}
    engines: {node: '>=12'}
    cpu: [x64]
    os: [netbsd]

  '@esbuild/openbsd-x64@0.21.4':
    resolution: {integrity: sha512-IsUmQeCY0aU374R82fxIPu6vkOybWIMc3hVGZ3ChRwL9hA1TwY+tS0lgFWV5+F1+1ssuvvXt3HFqe8roCip8Hg==}
    engines: {node: '>=12'}
    cpu: [x64]
    os: [openbsd]

  '@esbuild/sunos-x64@0.21.4':
    resolution: {integrity: sha512-hsKhgZ4teLUaDA6FG/QIu2q0rI6I36tZVfM4DBZv3BG0mkMIdEnMbhc4xwLvLJSS22uWmaVkFkqWgIS0gPIm+A==}
    engines: {node: '>=12'}
    cpu: [x64]
    os: [sunos]

  '@esbuild/win32-arm64@0.21.4':
    resolution: {integrity: sha512-UUfMgMoXPoA/bvGUNfUBFLCh0gt9dxZYIx9W4rfJr7+hKe5jxxHmfOK8YSH4qsHLLN4Ck8JZ+v7Q5fIm1huErg==}
    engines: {node: '>=12'}
    cpu: [arm64]
    os: [win32]

  '@esbuild/win32-ia32@0.21.4':
    resolution: {integrity: sha512-yIxbspZb5kGCAHWm8dexALQ9en1IYDfErzjSEq1KzXFniHv019VT3mNtTK7t8qdy4TwT6QYHI9sEZabONHg+aw==}
    engines: {node: '>=12'}
    cpu: [ia32]
    os: [win32]

  '@esbuild/win32-x64@0.21.4':
    resolution: {integrity: sha512-sywLRD3UK/qRJt0oBwdpYLBibk7KiRfbswmWRDabuncQYSlf8aLEEUor/oP6KRz8KEG+HoiVLBhPRD5JWjS8Sg==}
    engines: {node: '>=12'}
    cpu: [x64]
    os: [win32]

  '@types/node@20.14.2':
    resolution: {integrity: sha512-xyu6WAMVwv6AKFLB+e/7ySZVr/0zLCzOa7rSpq6jNwpqOrUbcACDWC+53d4n2QHOnDou0fbIsg8wZu/sxrnI4Q==}

  esbuild@0.21.4:
    resolution: {integrity: sha512-sFMcNNrj+Q0ZDolrp5pDhH0nRPN9hLIM3fRPwgbLYJeSHHgnXSnbV3xYgSVuOeLWH9c73VwmEverVzupIv5xuA==}
    engines: {node: '>=12'}
    hasBin: true

  fsevents@2.3.3:
    resolution: {integrity: sha512-5xoDfX+fL7faATnagmWPpbFtwh/R77WmMMqqHGS65C3vvB0YHrgF+B1YmZ3441tMj5n63k0212XNoJwzlhffQw==}
    engines: {node: ^8.16.0 || ^10.6.0 || >=11.0.0}
    os: [darwin]

  get-tsconfig@4.7.5:
    resolution: {integrity: sha512-ZCuZCnlqNzjb4QprAzXKdpp/gh6KTxSJuw3IBsPnV/7fV4NxC9ckB+vPTt8w7fJA0TaSD7c55BR47JD6MEDyDw==}

  resolve-pkg-maps@1.0.0:
    resolution: {integrity: sha512-seS2Tj26TBVOC2NIc2rOe2y2ZO7efxITtLZcGSOnHHNOQ7CkiUBfw0Iw2ck6xkIhPwLhKNLS8BO+hEpngQlqzw==}

  tsx@4.15.1:
    resolution: {integrity: sha512-k/6h17jA1KfUR7SpcteOa880zGmF56s8gMIcSqUR5avyNFi9nlCEKpMiHLrzrqyARGr52A/JablmGey1DEWbCA==}
    engines: {node: '>=18.0.0'}
    hasBin: true

  typescript@5.4.5:
    resolution: {integrity: sha512-vcI4UpRgg81oIRUFwR0WSIHKt11nJ7SAVlYNIu+QpqeyXP+gpQJy/Z4+F0aGxSE4MqwjyXvW/TzgkLAx2AGHwQ==}
    engines: {node: '>=14.17'}
    hasBin: true

  undici-types@5.26.5:
    resolution: {integrity: sha512-JlCMO+ehdEIKqlFxk6IfVoAUVmgz7cU7zD/h9XZ0qzeosSHmUJVOzSQvvYSYWXkFXC+IfLKSIffhv0sVZup6pA==}

snapshots:

  '@esbuild/aix-ppc64@0.21.4':
    optional: true

  '@esbuild/android-arm64@0.21.4':
    optional: true

  '@esbuild/android-arm@0.21.4':
    optional: true

  '@esbuild/android-x64@0.21.4':
    optional: true

  '@esbuild/darwin-arm64@0.21.4':
    optional: true

  '@esbuild/darwin-x64@0.21.4':
    optional: true

  '@esbuild/freebsd-arm64@0.21.4':
    optional: true

  '@esbuild/freebsd-x64@0.21.4':
    optional: true

  '@esbuild/linux-arm64@0.21.4':
    optional: true

  '@esbuild/linux-arm@0.21.4':
    optional: true

  '@esbuild/linux-ia32@0.21.4':
    optional: true

  '@esbuild/linux-loong64@0.21.4':
    optional: true

  '@esbuild/linux-mips64el@0.21.4':
    optional: true

  '@esbuild/linux-ppc64@0.21.4':
    optional: true

  '@esbuild/linux-riscv64@0.21.4':
    optional: true

  '@esbuild/linux-s390x@0.21.4':
    optional: true

  '@esbuild/linux-x64@0.21.4':
    optional: true

  '@esbuild/netbsd-x64@0.21.4':
    optional: true

  '@esbuild/openbsd-x64@0.21.4':
    optional: true

  '@esbuild/sunos-x64@0.21.4':
    optional: true

  '@esbuild/win32-arm64@0.21.4':
    optional: true

  '@esbuild/win32-ia32@0.21.4':
    optional: true

  '@esbuild/win32-x64@0.21.4':
    optional: true

  '@types/node@20.14.2':
    dependencies:
      undici-types: 5.26.5

  esbuild@0.21.4:
    optionalDependencies:
      '@esbuild/aix-ppc64': 0.21.4
      '@esbuild/android-arm': 0.21.4
      '@esbuild/android-arm64': 0.21.4
      '@esbuild/android-x64': 0.21.4
      '@esbuild/darwin-arm64': 0.21.4
      '@esbuild/darwin-x64': 0.21.4
      '@esbuild/freebsd-arm64': 0.21.4
      '@esbuild/freebsd-x64': 0.21.4
      '@esbuild/linux-arm': 0.21.4
      '@esbuild/linux-arm64': 0.21.4
      '@esbuild/linux-ia32': 0.21.4
      '@esbuild/linux-loong64': 0.21.4
      '@esbuild/linux-mips64el': 0.21.4
      '@esbuild/linux-ppc64': 0.21.4
      '@esbuild/linux-riscv64': 0.21.4
      '@esbuild/linux-s390x': 0.21.4
      '@esbuild/linux-x64': 0.21.4
      '@esbuild/netbsd-x64': 0.21.4
      '@esbuild/openbsd-x64': 0.21.4
      '@esbuild/sunos-x64': 0.21.4
      '@esbuild/win32-arm64': 0.21.4
      '@esbuild/win32-ia32': 0.21.4
      '@esbuild/win32-x64': 0.21.4

  fsevents@2.3.3:
    optional: true

  get-tsconfig@4.7.5:
    dependencies:
      resolve-pkg-maps: 1.0.0

  resolve-pkg-maps@1.0.0: {}

  tsx@4.15.1:
    dependencies:
      esbuild: 0.21.4
      get-tsconfig: 4.7.5
    optionalDependencies:
      fsevents: 2.3.3

  typescript@5.4.5: {}

  undici-types@5.26.5: {}
