# THIS IS AN AUTOGENERATED FILE. DO NOT EDIT THIS FILE DIRECTLY.
# yarn lockfile v1


"@catppuccin/palette@^0.2.0":
  version "0.2.0"
  resolved "https://registry.yarnpkg.com/@catppuccin/palette/-/palette-0.2.0.tgz#026fbc21aa4f7ee3b360576f4c304b4d38128a24"
  integrity sha512-PoAMQMEbL8fBEO80eusB+XQg+1i2kxQHw6COwBRC4bVWxWuRroZjm3K6bOdqPHNHKikDIV7wLi9hSG4NoD1FEQ==

"@esbuild/android-arm64@0.18.20":
  version "0.18.20"
  resolved "https://registry.yarnpkg.com/@esbuild/android-arm64/-/android-arm64-0.18.20.tgz#984b4f9c8d0377443cc2dfcef266d02244593622"
  integrity sha512-Nz4rJcchGDtENV0eMKUNa6L12zz2zBDXuhj/Vjh18zGqB44Bi7MBMSXjgunJgjRhCmKOjnPuZp4Mb6OKqtMHLQ==

"@esbuild/android-arm@0.18.20":
  version "0.18.20"
  resolved "https://registry.yarnpkg.com/@esbuild/android-arm/-/android-arm-0.18.20.tgz#fedb265bc3a589c84cc11f810804f234947c3682"
  integrity sha512-fyi7TDI/ijKKNZTUJAQqiG5T7YjJXgnzkURqmGj13C6dCqckZBLdl4h7bkhHt/t0WP+zO9/zwroDvANaOqO5Sw==

"@esbuild/android-x64@0.18.20":
  version "0.18.20"
  resolved "https://registry.yarnpkg.com/@esbuild/android-x64/-/android-x64-0.18.20.tgz#35cf419c4cfc8babe8893d296cd990e9e9f756f2"
  integrity sha512-8GDdlePJA8D6zlZYJV/jnrRAi6rOiNaCC/JclcXpB+KIuvfBN4owLtgzY2bsxnx666XjJx2kDPUmnTtR8qKQUg==

"@esbuild/darwin-arm64@0.18.20":
  version "0.18.20"
  resolved "https://registry.npmjs.org/@esbuild/darwin-arm64/-/darwin-arm64-0.18.20.tgz"
  integrity sha512-bxRHW5kHU38zS2lPTPOyuyTm+S+eobPUnTNkdJEfAddYgEcll4xkT8DB9d2008DtTbl7uJag2HuE5NZAZgnNEA==

"@esbuild/darwin-x64@0.18.20":
  version "0.18.20"
  resolved "https://registry.yarnpkg.com/@esbuild/darwin-x64/-/darwin-x64-0.18.20.tgz#d70d5790d8bf475556b67d0f8b7c5bdff053d85d"
  integrity sha512-pc5gxlMDxzm513qPGbCbDukOdsGtKhfxD1zJKXjCCcU7ju50O7MeAZ8c4krSJcOIJGFR+qx21yMMVYwiQvyTyQ==

"@esbuild/freebsd-arm64@0.18.20":
  version "0.18.20"
  resolved "https://registry.yarnpkg.com/@esbuild/freebsd-arm64/-/freebsd-arm64-0.18.20.tgz#98755cd12707f93f210e2494d6a4b51b96977f54"
  integrity sha512-yqDQHy4QHevpMAaxhhIwYPMv1NECwOvIpGCZkECn8w2WFHXjEwrBn3CeNIYsibZ/iZEUemj++M26W3cNR5h+Tw==

"@esbuild/freebsd-x64@0.18.20":
  version "0.18.20"
  resolved "https://registry.yarnpkg.com/@esbuild/freebsd-x64/-/freebsd-x64-0.18.20.tgz#c1eb2bff03915f87c29cece4c1a7fa1f423b066e"
  integrity sha512-tgWRPPuQsd3RmBZwarGVHZQvtzfEBOreNuxEMKFcd5DaDn2PbBxfwLcj4+aenoh7ctXcbXmOQIn8HI6mCSw5MQ==

"@esbuild/linux-arm64@0.18.20":
  version "0.18.20"
  resolved "https://registry.yarnpkg.com/@esbuild/linux-arm64/-/linux-arm64-0.18.20.tgz#bad4238bd8f4fc25b5a021280c770ab5fc3a02a0"
  integrity sha512-2YbscF+UL7SQAVIpnWvYwM+3LskyDmPhe31pE7/aoTMFKKzIc9lLbyGUpmmb8a8AixOL61sQ/mFh3jEjHYFvdA==

"@esbuild/linux-arm@0.18.20":
  version "0.18.20"
  resolved "https://registry.yarnpkg.com/@esbuild/linux-arm/-/linux-arm-0.18.20.tgz#3e617c61f33508a27150ee417543c8ab5acc73b0"
  integrity sha512-/5bHkMWnq1EgKr1V+Ybz3s1hWXok7mDFUMQ4cG10AfW3wL02PSZi5kFpYKrptDsgb2WAJIvRcDm+qIvXf/apvg==

"@esbuild/linux-ia32@0.18.20":
  version "0.18.20"
  resolved "https://registry.yarnpkg.com/@esbuild/linux-ia32/-/linux-ia32-0.18.20.tgz#699391cccba9aee6019b7f9892eb99219f1570a7"
  integrity sha512-P4etWwq6IsReT0E1KHU40bOnzMHoH73aXp96Fs8TIT6z9Hu8G6+0SHSw9i2isWrD2nbx2qo5yUqACgdfVGx7TA==

"@esbuild/linux-loong64@0.18.20":
  version "0.18.20"
  resolved "https://registry.yarnpkg.com/@esbuild/linux-loong64/-/linux-loong64-0.18.20.tgz#e6fccb7aac178dd2ffb9860465ac89d7f23b977d"
  integrity sha512-nXW8nqBTrOpDLPgPY9uV+/1DjxoQ7DoB2N8eocyq8I9XuqJ7BiAMDMf9n1xZM9TgW0J8zrquIb/A7s3BJv7rjg==

"@esbuild/linux-mips64el@0.18.20":
  version "0.18.20"
  resolved "https://registry.yarnpkg.com/@esbuild/linux-mips64el/-/linux-mips64el-0.18.20.tgz#eeff3a937de9c2310de30622a957ad1bd9183231"
  integrity sha512-d5NeaXZcHp8PzYy5VnXV3VSd2D328Zb+9dEq5HE6bw6+N86JVPExrA6O68OPwobntbNJ0pzCpUFZTo3w0GyetQ==

"@esbuild/linux-ppc64@0.18.20":
  version "0.18.20"
  resolved "https://registry.yarnpkg.com/@esbuild/linux-ppc64/-/linux-ppc64-0.18.20.tgz#2f7156bde20b01527993e6881435ad79ba9599fb"
  integrity sha512-WHPyeScRNcmANnLQkq6AfyXRFr5D6N2sKgkFo2FqguP44Nw2eyDlbTdZwd9GYk98DZG9QItIiTlFLHJHjxP3FA==

"@esbuild/linux-riscv64@0.18.20":
  version "0.18.20"
  resolved "https://registry.yarnpkg.com/@esbuild/linux-riscv64/-/linux-riscv64-0.18.20.tgz#6628389f210123d8b4743045af8caa7d4ddfc7a6"
  integrity sha512-WSxo6h5ecI5XH34KC7w5veNnKkju3zBRLEQNY7mv5mtBmrP/MjNBCAlsM2u5hDBlS3NGcTQpoBvRzqBcRtpq1A==

"@esbuild/linux-s390x@0.18.20":
  version "0.18.20"
  resolved "https://registry.yarnpkg.com/@esbuild/linux-s390x/-/linux-s390x-0.18.20.tgz#255e81fb289b101026131858ab99fba63dcf0071"
  integrity sha512-+8231GMs3mAEth6Ja1iK0a1sQ3ohfcpzpRLH8uuc5/KVDFneH6jtAJLFGafpzpMRO6DzJ6AvXKze9LfFMrIHVQ==

"@esbuild/linux-x64@0.18.20":
  version "0.18.20"
  resolved "https://registry.yarnpkg.com/@esbuild/linux-x64/-/linux-x64-0.18.20.tgz#c7690b3417af318a9b6f96df3031a8865176d338"
  integrity sha512-UYqiqemphJcNsFEskc73jQ7B9jgwjWrSayxawS6UVFZGWrAAtkzjxSqnoclCXxWtfwLdzU+vTpcNYhpn43uP1w==

"@esbuild/netbsd-x64@0.18.20":
  version "0.18.20"
  resolved "https://registry.yarnpkg.com/@esbuild/netbsd-x64/-/netbsd-x64-0.18.20.tgz#30e8cd8a3dded63975e2df2438ca109601ebe0d1"
  integrity sha512-iO1c++VP6xUBUmltHZoMtCUdPlnPGdBom6IrO4gyKPFFVBKioIImVooR5I83nTew5UOYrk3gIJhbZh8X44y06A==

"@esbuild/openbsd-x64@0.18.20":
  version "0.18.20"
  resolved "https://registry.yarnpkg.com/@esbuild/openbsd-x64/-/openbsd-x64-0.18.20.tgz#7812af31b205055874c8082ea9cf9ab0da6217ae"
  integrity sha512-e5e4YSsuQfX4cxcygw/UCPIEP6wbIL+se3sxPdCiMbFLBWu0eiZOJ7WoD+ptCLrmjZBK1Wk7I6D/I3NglUGOxg==

"@esbuild/sunos-x64@0.18.20":
  version "0.18.20"
  resolved "https://registry.yarnpkg.com/@esbuild/sunos-x64/-/sunos-x64-0.18.20.tgz#d5c275c3b4e73c9b0ecd38d1ca62c020f887ab9d"
  integrity sha512-kDbFRFp0YpTQVVrqUd5FTYmWo45zGaXe0X8E1G/LKFC0v8x0vWrhOWSLITcCn63lmZIxfOMXtCfti/RxN/0wnQ==

"@esbuild/win32-arm64@0.18.20":
  version "0.18.20"
  resolved "https://registry.yarnpkg.com/@esbuild/win32-arm64/-/win32-arm64-0.18.20.tgz#73bc7f5a9f8a77805f357fab97f290d0e4820ac9"
  integrity sha512-ddYFR6ItYgoaq4v4JmQQaAI5s7npztfV4Ag6NrhiaW0RrnOXqBkgwZLofVTlq1daVTQNhtI5oieTvkRPfZrePg==

"@esbuild/win32-ia32@0.18.20":
  version "0.18.20"
  resolved "https://registry.yarnpkg.com/@esbuild/win32-ia32/-/win32-ia32-0.18.20.tgz#ec93cbf0ef1085cc12e71e0d661d20569ff42102"
  integrity sha512-Wv7QBi3ID/rROT08SABTS7eV4hX26sVduqDOTe1MvGMjNd3EjOz4b7zeexIR62GTIEKrfJXKL9LFxTYgkyeu7g==

"@esbuild/win32-x64@0.18.20":
  version "0.18.20"
  resolved "https://registry.yarnpkg.com/@esbuild/win32-x64/-/win32-x64-0.18.20.tgz#786c5f41f043b07afb1af37683d7c33668858f6d"
  integrity sha512-kTdfRcSiDfQca/y9QIkng02avJ+NCaQvrMejlsB3RRv5sE9rRoeBPISaZpKxHELzRxZyLvNts1P27W3wV+8geQ==

"@trysound/sax@0.2.0":
  version "0.2.0"
  resolved "https://registry.yarnpkg.com/@trysound/sax/-/sax-0.2.0.tgz#cccaab758af56761eb7bf37af6f03f326dd798ad"
  integrity sha512-L7z9BgrNEcYyUYtF+HaEfiS5ebkh9jXqbszz7pC0hRBPaatV0XjSD3+eHrpqFemQfgwiFF0QPIarnIihIDn7OA==

"@types/node@^20.8.7":
  version "20.8.7"
  resolved "https://registry.npmjs.org/@types/node/-/node-20.8.7.tgz"
  integrity sha512-21TKHHh3eUHIi2MloeptJWALuCu5H7HQTdTrWIFReA8ad+aggoX+lRes3ex7/FtpC+sVUpFMQ+QTfYr74mruiQ==
  dependencies:
    undici-types "~5.25.1"

boolbase@^1.0.0:
  version "1.0.0"
  resolved "https://registry.yarnpkg.com/boolbase/-/boolbase-1.0.0.tgz#68dff5fbe60c51eb37725ea9e3ed310dcc1e776e"
  integrity sha512-JZOSA7Mo9sNGB8+UjSgzdLtokWAky1zbztM3WRLCbZ70/3cTANmQmOdR7y2g+J0e2WXywy1yS468tY+IruqEww==

buffer-from@^1.0.0:
  version "1.1.2"
  resolved "https://registry.npmjs.org/buffer-from/-/buffer-from-1.1.2.tgz"
  integrity sha512-E+XQCRwSbaaiChtv6k6Dwgc+bx+Bs6vuKJHHl5kox/BaKbhiXzqQOwK4cO22yElGp2OCmjwVhT3HmxgyPGnJfQ==

clean-deep@3.0.2:
  version "3.0.2"
  resolved "https://registry.yarnpkg.com/clean-deep/-/clean-deep-3.0.2.tgz#1b7096822f289cc491ca6d85af5c028cbb22fc23"
  integrity sha512-sLUtFxYtHc3jM9pmwyYXOLln0nnQ1OhFrefQ7nqUlva1crHDbi4gVO+nnMSm5jztFXIRDMt+kMNh0mOscbARow==
  dependencies:
    lodash.isempty "^4.4.0"
    lodash.isplainobject "^4.0.6"
    lodash.transform "^4.6.0"

colorsea@^1.2.1:
  version "1.2.1"
  resolved "https://registry.yarnpkg.com/colorsea/-/colorsea-1.2.1.tgz#4207d879251ed2962f9cd6bb36112d1f342a2af2"
  integrity sha512-EkYJGtJ7GcXe/aIkeAZDO/4KaKA8yaxdsXXBNR2MHsEZ6JIzBbAzKc3mH2D8VqGqMciqIpJhCZI1QI7nJQ2aDg==

commander@^7.2.0:
  version "7.2.0"
  resolved "https://registry.yarnpkg.com/commander/-/commander-7.2.0.tgz#a36cb57d0b501ce108e4d20559a150a391d97ab7"
  integrity sha512-QrWXB+ZQSVPmIWIhtEO9H+gwHaMGYiF5ChvoJ+K9ZGHG/sVsa6yiesAD1GC/x46sET00Xlwo1u49RVVVzvcSkw==

css-select@^5.1.0:
  version "5.1.0"
  resolved "https://registry.yarnpkg.com/css-select/-/css-select-5.1.0.tgz#b8ebd6554c3637ccc76688804ad3f6a6fdaea8a6"
  integrity sha512-nwoRF1rvRRnnCqqY7updORDsuqKzqYJ28+oSMaJMMgOauh3fvwHqMS7EZpIPqK8GL+g9mKxF1vP/ZjSeNjEVHg==
  dependencies:
    boolbase "^1.0.0"
    css-what "^6.1.0"
    domhandler "^5.0.2"
    domutils "^3.0.1"
    nth-check "^2.0.1"

css-tree@^2.2.1:
  version "2.3.1"
  resolved "https://registry.yarnpkg.com/css-tree/-/css-tree-2.3.1.tgz#10264ce1e5442e8572fc82fbe490644ff54b5c20"
  integrity sha512-6Fv1DV/TYw//QF5IzQdqsNDjx/wc8TrMBZsqjL9eW01tWb7R7k/mq+/VXfJCl7SoD5emsJop9cOByJZfs8hYIw==
  dependencies:
    mdn-data "2.0.30"
    source-map-js "^1.0.1"

css-tree@~2.2.0:
  version "2.2.1"
  resolved "https://registry.yarnpkg.com/css-tree/-/css-tree-2.2.1.tgz#36115d382d60afd271e377f9c5f67d02bd48c032"
  integrity sha512-OA0mILzGc1kCOCSJerOeqDxDQ4HOh+G8NbOJFOTgOCzpw7fCBubk0fEyxp8AgOL/jvLgYA/uV0cMbe43ElF1JA==
  dependencies:
    mdn-data "2.0.28"
    source-map-js "^1.0.1"

css-what@^6.1.0:
  version "6.1.0"
  resolved "https://registry.yarnpkg.com/css-what/-/css-what-6.1.0.tgz#fb5effcf76f1ddea2c81bdfaa4de44e79bac70f4"
  integrity sha512-HTUrgRJ7r4dsZKU6GjmpfRK1O76h97Z8MfS1G0FozR+oF2kG6Vfe8JE6zwrkbxigziPHinCJ+gCPjA9EaBDtRw==

csso@^5.0.5:
  version "5.0.5"
  resolved "https://registry.yarnpkg.com/csso/-/csso-5.0.5.tgz#f9b7fe6cc6ac0b7d90781bb16d5e9874303e2ca6"
  integrity sha512-0LrrStPOdJj+SPCCrGhzryycLjwcgUSHBtxNA8aIDxf0GLsRh1cKYhB00Gd1lDOS4yGH69+SNn13+TWbVHETFQ==
  dependencies:
    css-tree "~2.2.0"

deep-rename-keys@^0.2.1:
  version "0.2.1"
  resolved "https://registry.yarnpkg.com/deep-rename-keys/-/deep-rename-keys-0.2.1.tgz#ede78537d7a66a2be61517e2af956d7f58a3f1d8"
  integrity sha512-RHd9ABw4Fvk+gYDWqwOftG849x0bYOySl/RgX0tLI9i27ZIeSO91mLZJEp7oPHOMFqHvpgu21YptmDt0FYD/0A==
  dependencies:
    kind-of "^3.0.2"
    rename-keys "^1.1.2"

dom-serializer@^2.0.0:
  version "2.0.0"
  resolved "https://registry.yarnpkg.com/dom-serializer/-/dom-serializer-2.0.0.tgz#e41b802e1eedf9f6cae183ce5e622d789d7d8e53"
  integrity sha512-wIkAryiqt/nV5EQKqQpo3SToSOV9J0DnbJqwK7Wv/Trc92zIAYZ4FlMu+JPFW1DfGFt81ZTCGgDEabffXeLyJg==
  dependencies:
    domelementtype "^2.3.0"
    domhandler "^5.0.2"
    entities "^4.2.0"

domelementtype@^2.3.0:
  version "2.3.0"
  resolved "https://registry.yarnpkg.com/domelementtype/-/domelementtype-2.3.0.tgz#5c45e8e869952626331d7aab326d01daf65d589d"
  integrity sha512-OLETBj6w0OsagBwdXnPdN0cnMfF9opN69co+7ZrbfPGrdpPVNBUj02spi6B1N7wChLQiPn4CSH/zJvXw56gmHw==

domhandler@^5.0.2, domhandler@^5.0.3:
  version "5.0.3"
  resolved "https://registry.yarnpkg.com/domhandler/-/domhandler-5.0.3.tgz#cc385f7f751f1d1fc650c21374804254538c7d31"
  integrity sha512-cgwlv/1iFQiFnU96XXgROh8xTeetsnJiDsTc7TYCLFd9+/WNkIqPTxiM/8pSd8VIrhXGTf1Ny1q1hquVqDJB5w==
  dependencies:
    domelementtype "^2.3.0"

domutils@^3.0.1:
  version "3.1.0"
  resolved "https://registry.yarnpkg.com/domutils/-/domutils-3.1.0.tgz#c47f551278d3dc4b0b1ab8cbb42d751a6f0d824e"
  integrity sha512-H78uMmQtI2AhgDJjWeQmHwJJ2bLPD3GMmO7Zja/ZZh84wkm+4ut+IUnUdRa8uCGX88DiVx1j6FRe1XfxEgjEZA==
  dependencies:
    dom-serializer "^2.0.0"
    domelementtype "^2.3.0"
    domhandler "^5.0.3"

element-to-path@1.2.0:
  version "1.2.0"
  resolved "https://registry.yarnpkg.com/element-to-path/-/element-to-path-1.2.0.tgz#5091c7961447917779c9742d602b0aceca8df17f"
  integrity sha512-QURDQymbFRumDvYbBlgjFgIX8M4yfDHkSePRiuVAM1C6DyCKuDo4/G8oRubUyQum5uXcLr8fofuTl7z6bSSswA==

entities@^4.2.0:
  version "4.5.0"
  resolved "https://registry.yarnpkg.com/entities/-/entities-4.5.0.tgz#5d268ea5e7113ec74c4d033b79ea5a35a488fb48"
  integrity sha512-V0hjH4dGPh9Ao5p0MoRY6BVqtwCjhz6vI5LT8AJ55H+4g9/4vbHx1I54fS0XuclLhDHArPQCiMjDxjaL8fPxhw==

esbuild@~0.18.20:
  version "0.18.20"
  resolved "https://registry.npmjs.org/esbuild/-/esbuild-0.18.20.tgz"
  integrity sha512-ceqxoedUrcayh7Y7ZX6NdbbDzGROiyVBgC4PriJThBKSVPWnnFHZAkfI1lJT8QFkOwH4qOS2SJkS4wvpGl8BpA==
  optionalDependencies:
    "@esbuild/android-arm" "0.18.20"
    "@esbuild/android-arm64" "0.18.20"
    "@esbuild/android-x64" "0.18.20"
    "@esbuild/darwin-arm64" "0.18.20"
    "@esbuild/darwin-x64" "0.18.20"
    "@esbuild/freebsd-arm64" "0.18.20"
    "@esbuild/freebsd-x64" "0.18.20"
    "@esbuild/linux-arm" "0.18.20"
    "@esbuild/linux-arm64" "0.18.20"
    "@esbuild/linux-ia32" "0.18.20"
    "@esbuild/linux-loong64" "0.18.20"
    "@esbuild/linux-mips64el" "0.18.20"
    "@esbuild/linux-ppc64" "0.18.20"
    "@esbuild/linux-riscv64" "0.18.20"
    "@esbuild/linux-s390x" "0.18.20"
    "@esbuild/linux-x64" "0.18.20"
    "@esbuild/netbsd-x64" "0.18.20"
    "@esbuild/openbsd-x64" "0.18.20"
    "@esbuild/sunos-x64" "0.18.20"
    "@esbuild/win32-arm64" "0.18.20"
    "@esbuild/win32-ia32" "0.18.20"
    "@esbuild/win32-x64" "0.18.20"

eventemitter3@^2.0.0:
  version "2.0.3"
  resolved "https://registry.yarnpkg.com/eventemitter3/-/eventemitter3-2.0.3.tgz#b5e1079b59fb5e1ba2771c0a993be060a58c99ba"
  integrity sha512-jLN68Dx5kyFHaePoXWPsCGW5qdyZQtLYHkxkg02/Mz6g0kYpDx4FyP6XfArhQdlOC4b8Mv+EMxPo/8La7Tzghg==

fsevents@~2.3.3:
  version "2.3.3"
  resolved "https://registry.npmjs.org/fsevents/-/fsevents-2.3.3.tgz"
  integrity sha512-5xoDfX+fL7faATnagmWPpbFtwh/R77WmMMqqHGS65C3vvB0YHrgF+B1YmZ3441tMj5n63k0212XNoJwzlhffQw==

get-tsconfig@^4.7.2:
  version "4.7.2"
  resolved "https://registry.npmjs.org/get-tsconfig/-/get-tsconfig-4.7.2.tgz"
  integrity sha512-wuMsz4leaj5hbGgg4IvDU0bqJagpftG5l5cXIAvo8uZrqn0NJqwtfupTN00VnkQJPcIRrxYrm1Ue24btpCha2A==
  dependencies:
    resolve-pkg-maps "^1.0.0"

get-value@^2.0.3:
  version "2.0.6"
  resolved "https://registry.yarnpkg.com/get-value/-/get-value-2.0.6.tgz#dc15ca1c672387ca76bd37ac0a395ba2042a2c28"
  integrity sha512-Ln0UQDlxH1BapMu3GPtf7CuYNwRZf2gwCuPqbyG6pB8WfmFpzqcy4xtAaAMUhnNqjMKTiCPZG2oMT3YSx8U2NA==

has-value@^0.3.1:
  version "0.3.1"
  resolved "https://registry.yarnpkg.com/has-value/-/has-value-0.3.1.tgz#7b1f58bada62ca827ec0a2078025654845995e1f"
  integrity sha512-gpG936j8/MzaeID5Yif+577c17TxaDmhuyVgSwtnL/q8UUTySg8Mecb+8Cf1otgLoD7DDH75axp86ER7LFsf3Q==
  dependencies:
    get-value "^2.0.3"
    has-values "^0.1.4"
    isobject "^2.0.0"

has-values@^0.1.4:
  version "0.1.4"
  resolved "https://registry.yarnpkg.com/has-values/-/has-values-0.1.4.tgz#6d61de95d91dfca9b9a02089ad384bff8f62b771"
  integrity sha512-J8S0cEdWuQbqD9//tlZxiMuMNmxB8PlEwvYwuxsTmR1G5RXUePEX/SJn7aD0GMLieuZYSwNH0cQuJGwnYunXRQ==

is-buffer@^1.1.5:
  version "1.1.6"
  resolved "https://registry.yarnpkg.com/is-buffer/-/is-buffer-1.1.6.tgz#efaa2ea9daa0d7ab2ea13a97b2b8ad51fefbe8be"
  integrity sha512-NcdALwpXkTm5Zvvbk7owOUSvVvBKDgKP5/ewfXEznmQFfs4ZRmanOeKBTjRVjka3QFoN6XJ+9F3USqfHqTaU5w==

is-plain-object@^2.0.1:
  version "2.0.4"
  resolved "https://registry.yarnpkg.com/is-plain-object/-/is-plain-object-2.0.4.tgz#2c163b3fafb1b606d9d17928f05c2a1c38e07677"
  integrity sha512-h5PpgXkWitc38BBMYawTYMWJHFZJVnBquFE57xFpjB8pJFiF6gZ+bU+WyI/yqXiFR5mdLsgYNaPe8uao6Uv9Og==
  dependencies:
    isobject "^3.0.1"

isarray@1.0.0:
  version "1.0.0"
  resolved "https://registry.yarnpkg.com/isarray/-/isarray-1.0.0.tgz#bb935d48582cba168c06834957a54a3e07124f11"
  integrity sha512-VLghIWNM6ELQzo7zwmcg0NmTVyWKYjvIeM83yjp0wRDTmUnrM678fQbcKBo6n2CJEF0szoG//ytg+TKla89ALQ==

isobject@^2.0.0:
  version "2.1.0"
  resolved "https://registry.yarnpkg.com/isobject/-/isobject-2.1.0.tgz#f065561096a3f1da2ef46272f815c840d87e0c89"
  integrity sha512-+OUdGJlgjOBZDfxnDjYYG6zp487z0JGNQq3cYQYg5f5hKR+syHMsaztzGeml/4kGG55CSpKSpWTY+jYGgsHLgA==
  dependencies:
    isarray "1.0.0"

isobject@^3.0.0, isobject@^3.0.1:
  version "3.0.1"
  resolved "https://registry.yarnpkg.com/isobject/-/isobject-3.0.1.tgz#4e431e92b11a9731636aa1f9c8d1ccbcfdab78df"
  integrity sha512-WhB9zCku7EGTj/HQQRz5aUQEUeoQZH2bWcltRErOpymJ4boYE6wL9Tbr23krRPSZ+C5zqNSrSw+Cc7sZZ4b7vg==

kind-of@^3.0.2:
  version "3.2.2"
  resolved "https://registry.yarnpkg.com/kind-of/-/kind-of-3.2.2.tgz#31ea21a734bab9bbb0f32466d893aea51e4a3c64"
  integrity sha512-NOW9QQXMoZGg/oqnVNoNTTIFEIid1627WCffUBJEdMxYApq7mNE7CpzucIPc+ZQg25Phej7IJSmX3hO+oblOtQ==
  dependencies:
    is-buffer "^1.1.5"

lodash.isempty@^4.4.0:
  version "4.4.0"
  resolved "https://registry.yarnpkg.com/lodash.isempty/-/lodash.isempty-4.4.0.tgz#6f86cbedd8be4ec987be9aaf33c9684db1b31e7e"
  integrity sha512-oKMuF3xEeqDltrGMfDxAPGIVMSSRv8tbRSODbrs4KGsRRLEhrW8N8Rd4DRgB2+621hY8A8XwwrTVhXWpxFvMzg==

lodash.isplainobject@^4.0.6:
  version "4.0.6"
  resolved "https://registry.yarnpkg.com/lodash.isplainobject/-/lodash.isplainobject-4.0.6.tgz#7c526a52d89b45c45cc690b88163be0497f550cb"
  integrity sha512-oSXzaWypCMHkPC3NvBEaPHf0KsA5mvPrOPgQWDsbg8n7orZ290M0BmC/jgRZ4vcJ6DTAhjrsSYgdsW/F+MFOBA==

lodash.transform@^4.6.0:
  version "4.6.0"
  resolved "https://registry.yarnpkg.com/lodash.transform/-/lodash.transform-4.6.0.tgz#12306422f63324aed8483d3f38332b5f670547a0"
  integrity sha512-LO37ZnhmBVx0GvOU/caQuipEh4GN82TcWv3yHlebGDgOxbxiwwzW5Pcx2AcvpIv2WmvmSMoC492yQFNhy/l/UQ==

mdn-data@2.0.28:
  version "2.0.28"
  resolved "https://registry.yarnpkg.com/mdn-data/-/mdn-data-2.0.28.tgz#5ec48e7bef120654539069e1ae4ddc81ca490eba"
  integrity sha512-aylIc7Z9y4yzHYAJNuESG3hfhC+0Ibp/MAMiaOZgNv4pmEdFyfZhhhny4MNiAfWdBQ1RQ2mfDWmM1x8SvGyp8g==

mdn-data@2.0.30:
  version "2.0.30"
  resolved "https://registry.yarnpkg.com/mdn-data/-/mdn-data-2.0.30.tgz#ce4df6f80af6cfbe218ecd5c552ba13c4dfa08cc"
  integrity sha512-GaqWWShW4kv/G9IEucWScBx9G1/vsFZZJUO+tD26M8J8z3Kw5RDQjaoZe03YAClgeS/SWPOcb4nkFBTEi5DUEA==

nth-check@^2.0.1:
  version "2.1.1"
  resolved "https://registry.yarnpkg.com/nth-check/-/nth-check-2.1.1.tgz#c9eab428effce36cd6b92c924bdb000ef1f1ed1d"
  integrity sha512-lqjrjmaOoAnWfMmBPL+XNnynZh2+swxiX3WUE0s4yEHI6m+AwrK2UZOimIRl3X/4QctVqS8AiZjFqyOGrMXb/w==
  dependencies:
    boolbase "^1.0.0"

omit-deep@0.3.0:
  version "0.3.0"
  resolved "https://registry.yarnpkg.com/omit-deep/-/omit-deep-0.3.0.tgz#21c8af3499bcadd29651a232cbcacbc52445ebec"
  integrity sha512-Lbl/Ma59sss2b15DpnWnGmECBRL8cRl/PjPbPMVW+Y8zIQzRrwMaI65Oy6HvxyhYeILVKBJb2LWeG81bj5zbMg==
  dependencies:
    is-plain-object "^2.0.1"
    unset-value "^0.1.1"

picocolors@^1.0.0:
  version "1.0.0"
  resolved "https://registry.yarnpkg.com/picocolors/-/picocolors-1.0.0.tgz#cb5bdc74ff3f51892236eaf79d68bc44564ab81c"
  integrity sha512-1fygroTLlHu66zi26VoTDv8yRgm0Fccecssto+MhsZ0D/DGW2sm8E8AjW7NU5VVTRt5GxbeZ5qBuJr+HyLYkjQ==

rename-keys@^1.1.2:
  version "1.2.0"
  resolved "https://registry.yarnpkg.com/rename-keys/-/rename-keys-1.2.0.tgz#be602fb0b750476b513ebe85ba4465d03254f0a3"
  integrity sha512-U7XpAktpbSgHTRSNRrjKSrjYkZKuhUukfoBlXWXUExCAqhzh1TU3BDRAfJmarcl5voKS+pbKU9MvyLWKZ4UEEg==

resolve-pkg-maps@^1.0.0:
  version "1.0.0"
  resolved "https://registry.npmjs.org/resolve-pkg-maps/-/resolve-pkg-maps-1.0.0.tgz"
  integrity sha512-seS2Tj26TBVOC2NIc2rOe2y2ZO7efxITtLZcGSOnHHNOQ7CkiUBfw0Iw2ck6xkIhPwLhKNLS8BO+hEpngQlqzw==

scale-that-svg@^1.0.6:
  version "1.0.6"
  resolved "https://registry.yarnpkg.com/scale-that-svg/-/scale-that-svg-1.0.6.tgz#7e60783a67649bc389192b55da7a01671d558a60"
  integrity sha512-qwMpZpClG4aRynuV0Hebru0eFYfOASIL3SNnGGftvZOBJiiTxmjEnVakcUJcAMLVnspbcG5ER9tSzaV/y9CK6A==
  dependencies:
    element-to-path "1.2.0"
    svg-path-tools "1.0.0"
    svgson "3.0.0"

source-map-js@^1.0.1:
  version "1.0.2"
  resolved "https://registry.yarnpkg.com/source-map-js/-/source-map-js-1.0.2.tgz#adbc361d9c62df380125e7f161f71c826f1e490c"
  integrity sha512-R0XvVJ9WusLiqTCEiGCmICCMplcCkIwwR11mOSD9CR5u+IXYdiseeEuXCVAjS54zqwkLcPNnmU4OeJ6tUrWhDw==

source-map-support@^0.5.21:
  version "0.5.21"
  resolved "https://registry.npmjs.org/source-map-support/-/source-map-support-0.5.21.tgz"
  integrity sha512-uBHU3L3czsIyYXKX88fdrGovxdSCoTGDRZ6SYXtSRxLZUzHg5P/66Ht6uoUlHu9EZod+inXhKo3qQgwXUT/y1w==
  dependencies:
    buffer-from "^1.0.0"
    source-map "^0.6.0"

source-map@^0.6.0:
  version "0.6.1"
  resolved "https://registry.npmjs.org/source-map/-/source-map-0.6.1.tgz"
  integrity sha512-UjgapumWlbMhkBgzT7Ykc5YXUT46F0iKu8SGXq0bcwP5dz/h0Plj6enJqjz1Zbq2l5WaqYnrVbwWOWMyF3F47g==

svg-path-tools@1.0.0:
  version "1.0.0"
  resolved "https://registry.yarnpkg.com/svg-path-tools/-/svg-path-tools-1.0.0.tgz#cb03f0a07da9b83769a8f4efe0090950cbdf8d76"
  integrity sha512-bBvb8aqFRkds749JhsKXd9v88wXISryj0Pan6TDI7iDLiHVAg+lV7J1ufGgbLmpR+Xdf083eH8boBMzyqpDyGQ==

svgo@^3.0.2:
  version "3.0.2"
  resolved "https://registry.yarnpkg.com/svgo/-/svgo-3.0.2.tgz#5e99eeea42c68ee0dc46aa16da093838c262fe0a"
  integrity sha512-Z706C1U2pb1+JGP48fbazf3KxHrWOsLme6Rv7imFBn5EnuanDW1GPaA/P1/dvObE670JDePC3mnj0k0B7P0jjQ==
  dependencies:
    "@trysound/sax" "0.2.0"
    commander "^7.2.0"
    css-select "^5.1.0"
    css-tree "^2.2.1"
    csso "^5.0.5"
    picocolors "^1.0.0"

svgson@3.0.0:
  version "3.0.0"
  resolved "https://registry.yarnpkg.com/svgson/-/svgson-3.0.0.tgz#6ac1c6b8ed7a97e7f8efaaac97af7fb33932d54d"
  integrity sha512-Psg0lDTK9S7ziV1QoHwsqsoPL3yUMXh9gdV4TKh+Hbu3cs4C2EqF7IG3LUcdtoU/7jDMmvMcG4OmsJxaQjdTDA==
  dependencies:
    clean-deep "3.0.2"
    deep-rename-keys "^0.2.1"
    omit-deep "0.3.0"
    xml-reader "2.4.3"

tsx@^3.14.0:
  version "3.14.0"
  resolved "https://registry.npmjs.org/tsx/-/tsx-3.14.0.tgz"
  integrity sha512-xHtFaKtHxM9LOklMmJdI3BEnQq/D5F73Of2E1GDrITi9sgoVkvIsrQUTY1G8FlmGtA+awCI4EBlTRRYxkL2sRg==
  dependencies:
    esbuild "~0.18.20"
    get-tsconfig "^4.7.2"
    source-map-support "^0.5.21"
  optionalDependencies:
    fsevents "~2.3.3"

typescript@^5.2.2:
  version "5.2.2"
  resolved "https://registry.npmjs.org/typescript/-/typescript-5.2.2.tgz"
  integrity sha512-mI4WrpHsbCIcwT9cF4FZvr80QUeKvsUsUvKDoR+X/7XHQH98xYD8YHZg7ANtz2GtZt/CBq2QJ0thkGJMHfqc1w==

undici-types@~5.25.1:
  version "5.25.3"
  resolved "https://registry.npmjs.org/undici-types/-/undici-types-5.25.3.tgz"
  integrity sha512-Ga1jfYwRn7+cP9v8auvEXN1rX3sWqlayd4HP7OKk4mZWylEmu3KzXDUGrQUN6Ol7qo1gPvB2e5gX6udnyEPgdA==

unset-value@^0.1.1:
  version "0.1.2"
  resolved "https://registry.yarnpkg.com/unset-value/-/unset-value-0.1.2.tgz#506810b867f27c2a5a6e9b04833631f6de58d310"
  integrity sha512-yhv5I4TsldLdE3UcVQn0hD2T5sNCPv4+qm/CTUpRKIpwthYRIipsAPdsrNpOI79hPQa0rTTeW22Fq6JWRcTgNg==
  dependencies:
    has-value "^0.3.1"
    isobject "^3.0.0"

xml-lexer@^0.2.2:
  version "0.2.2"
  resolved "https://registry.yarnpkg.com/xml-lexer/-/xml-lexer-0.2.2.tgz#518193a4aa334d58fc7d248b549079b89907e046"
  integrity sha512-G0i98epIwiUEiKmMcavmVdhtymW+pCAohMRgybyIME9ygfVu8QheIi+YoQh3ngiThsT0SQzJT4R0sKDEv8Ou0w==
  dependencies:
    eventemitter3 "^2.0.0"

xml-reader@2.4.3:
  version "2.4.3"
  resolved "https://registry.yarnpkg.com/xml-reader/-/xml-reader-2.4.3.tgz#9f810caf7c425a5aafb848b1c45103c9e71d7530"
  integrity sha512-xWldrIxjeAMAu6+HSf9t50ot1uL5M+BtOidRCWHXIeewvSeIpscWCsp4Zxjk8kHHhdqFBrfK8U0EJeCcnyQ/gA==
  dependencies:
    eventemitter3 "^2.0.0"
    xml-lexer "^0.2.2"
